
Microsoft Visual Studio Solution File, Format Version 12.00
# Visual Studio Version 16
VisualStudioVersion = 16.0.31729.503
MinimumVisualStudioVersion = 10.0.40219.1
Project("{9A19103F-16F7-4668-BE54-9A1E7A4F7556}") = "lightstudio", "lightstudio\lightstudio.csproj", "{74F2731D-7EFC-42D5-AF8B-B2A6F7108954}"
EndProject
Project("{FAE04EC0-301F-11D3-BF4B-00C04F79EFBC}") = "ledcontroller", "ledcontrollerlib\ledcontroller.csproj", "{F8A0F25A-0A78-4C04-B5AB-4137BAFD4928}"
EndProject
Global
	GlobalSection(SolutionConfigurationPlatforms) = preSolution
		Debug|Any CPU = Debug|Any CPU
		Release|Any CPU = Release|Any CPU
	EndGlobalSection
	GlobalSection(ProjectConfigurationPlatforms) = postSolution
		{74F2731D-7EFC-42D5-AF8B-B2A6F7108954}.Debug|Any CPU.ActiveCfg = Debug|Any CPU
		{74F2731D-7EFC-42D5-AF8B-B2A6F7108954}.Debug|Any CPU.Build.0 = Debug|Any CPU
		{74F2731D-7EFC-42D5-AF8B-B2A6F7108954}.Release|Any CPU.ActiveCfg = Release|Any CPU
		{74F2731D-7EFC-42D5-AF8B-B2A6F7108954}.Release|Any CPU.Build.0 = Release|Any CPU
		{F8A0F25A-0A78-4C04-B5AB-4137BAFD4928}.Debug|Any CPU.ActiveCfg = Debug|Any CPU
		{F8A0F25A-0A78-4C04-B5AB-4137BAFD4928}.Debug|Any CPU.Build.0 = Debug|Any CPU
		{F8A0F25A-0A78-4C04-B5AB-4137BAFD4928}.Release|Any CPU.ActiveCfg = Release|Any CPU
		{F8A0F25A-0A78-4C04-B5AB-4137BAFD4928}.Release|Any CPU.Build.0 = Release|Any CPU
	EndGlobalSection
	GlobalSection(SolutionProperties) = preSolution
		HideSolutionNode = FALSE
	EndGlobalSection
	GlobalSection(ExtensibilityGlobals) = postSolution
		SolutionGuid = {D4E98E99-8C0F-4FE7-8BB8-3EFE1F810727}
	EndGlobalSection
EndGlobal
